{
  "version": 4,
  "terraform_version": "1.2.3",
  "serial": 12,
  "lineage": "f4994f22-cf5b-cdba-e47b-3137d863ce55",
  "outputs": {},
  "resources": [
    {
      "module": "module.claves_conexion[0]",
      "mode": "managed",
      "type": "null_resource",
      "name": "borrador_de_claves",
      "provider": "provider[\"registry.terraform.io/hashicorp/null\"]",
      "instances": [
        {
          "schema_version": 0,
          "attributes": {
            "id": "2903190584055366079",
            "triggers": {
              "BORRAR": "false",
              "FICHERO_PRIVADA": "clave-privada.pem",
              "FICHERO_PUBLICA": "clave-publica.pem",
              "mi_trigger": "de4e40acdaa31fe2b2ae1a4cd0889eaad686fd3a"
            }
          },
          "sensitive_attributes": [],
          "private": "bnVsbA==",
          "dependencies": [
            "module.claves_conexion.tls_private_key.mis_claves"
          ]
        }
      ]
    },
    {
      "module": "module.claves_conexion[0]",
      "mode": "managed",
      "type": "tls_private_key",
      "name": "mis_claves",
      "provider": "provider[\"registry.terraform.io/hashicorp/tls\"]",
      "instances": [
        {
          "schema_version": 0,
          "attributes": {
            "algorithm": "RSA",
            "ecdsa_curve": "P224",
            "id": "de4e40acdaa31fe2b2ae1a4cd0889eaad686fd3a",
            "private_key_openssh": "-----BEGIN OPENSSH PRIVATE KEY-----\nb3BlbnNzaC1rZXktdjEAAAAABG5vbmUAAAAEbm9uZQAAAAAAAAABAAACFwAAAAdz\nc2gtcnNhAAAAAwEAAQAAAgEA1kr6FvAPG7WZPqaX9aek9ZvzvZiSlWsaUhbrKMIv\npLI6rowuz7allo6P/klC84WgKxvLKK8e+woZqLufzm3ZoLpGZDBaxB9VRsfkeQYX\nOPSdF9SNpSmIJYbbGz7nlMRnB0E7C/PHgrmBIJtZZ+qLHUnejm4epCNxIEHgtZ6g\noA3mgCgkc9XTTbu5Beu9dickNWEw/+hkd2VVGT3C3Jqn+XoOhwYhPDWgqs9CVsoB\nPxCIeLdUsm3jEAwuQxf8I5cYZXswhnwvsC+20pANzHd76XBObWPz0AB9w5bahDPU\n8BhC4smHJVLVserOiKp1sI5Hq5OXPBTwG1CankvzOTFckemgLBTc3bnQJ+FleYBl\nyVaHPT2ucSqlAO+7bpI3JA6f0GjJxfUiKkSVAWflSQWJ77bPMDYPCtTqheJbiV3u\nGy82/6f/7mK+t/PQxqgVsO0UMCO2tE6vRehY95UMspiofNVe2AOG0V/fG8XZDuEZ\nbGcYLEP0DyQd0q5B9jm/yuC5bk+QWck1Laxo6zaDAgXZzkVyM874uIc0t4bPos6m\nVt8OP/O+SK3t1GHfH3FQ/KIeW0dyABYG6kj/+gNTjv5P+PfebkeZ5aU2zCoM9Scb\nmgQ+s4dw4MjZ9/OgrUM/Qh1eKy48fNHZEHupHOftYv+ns4wQQo54iuUQQJqoqfuB\njs8AAAc4nfDVq53w1asAAAAHc3NoLXJzYQAAAgEA1kr6FvAPG7WZPqaX9aek9Zvz\nvZiSlWsaUhbrKMIvpLI6rowuz7allo6P/klC84WgKxvLKK8e+woZqLufzm3ZoLpG\nZDBaxB9VRsfkeQYXOPSdF9SNpSmIJYbbGz7nlMRnB0E7C/PHgrmBIJtZZ+qLHUne\njm4epCNxIEHgtZ6goA3mgCgkc9XTTbu5Beu9dickNWEw/+hkd2VVGT3C3Jqn+XoO\nhwYhPDWgqs9CVsoBPxCIeLdUsm3jEAwuQxf8I5cYZXswhnwvsC+20pANzHd76XBO\nbWPz0AB9w5bahDPU8BhC4smHJVLVserOiKp1sI5Hq5OXPBTwG1CankvzOTFckemg\nLBTc3bnQJ+FleYBlyVaHPT2ucSqlAO+7bpI3JA6f0GjJxfUiKkSVAWflSQWJ77bP\nMDYPCtTqheJbiV3uGy82/6f/7mK+t/PQxqgVsO0UMCO2tE6vRehY95UMspiofNVe\n2AOG0V/fG8XZDuEZbGcYLEP0DyQd0q5B9jm/yuC5bk+QWck1Laxo6zaDAgXZzkVy\nM874uIc0t4bPos6mVt8OP/O+SK3t1GHfH3FQ/KIeW0dyABYG6kj/+gNTjv5P+Pfe\nbkeZ5aU2zCoM9ScbmgQ+s4dw4MjZ9/OgrUM/Qh1eKy48fNHZEHupHOftYv+ns4wQ\nQo54iuUQQJqoqfuBjs8AAAADAQABAAACAQCIHlYfjds68a5m8nFiNFv/O1GnJCww\nRzkP3ckAOeEDj8bgquDtRgqGyQXEM4sYns+vslbo/9wBAFhuKsgG2xY7FzexWlm9\nbF3BuSVyjqDfp9nFkllrCSeXFsNE2j9F6z+6hv/XxsD7U5QnPyaacIxvTUXWWTKT\ndoPcRpxTIXDMWigJTfZhsfgnz09m6GiPjatdUOBMHbT7dl2IzAdkE8URHivuLsGb\nukDVXxO3h1clVP4rF+Dv+gcaYXJdYfXiMY7on0iilG3CT3yk4aYyM898576Zk70C\nad15CPDCux3OaMrLvdFfru9YtVr9yrE5NhdmcDjHjFE8OIYOeRYFRUqTpwrLhHrC\nHQaJHoNqDhSSkJp+uC1c5+f4BYh+xs12Gi2IRgq0lEPGltepCN+Ud5l/dshMFPoc\nLBrTumcXehfwy4mLJQDVgq7QjjDI3kknUy9Wi9UpggY5VEIJRxmEnJKAhprp37A+\n5puXiB/eY5GLbpD+PardyhdKgXnQ7ytoyjROU/bMXPIywD4r75CmOEXRoieWhxR2\n1+IUEmZxBuIPxjl50qF3EK7lOJVExV9ZD86GwSl/9IwKszX7Ki1ygl6i/bFafopU\nqOyTC2McC3rGTF03DPuON4H9nZJ2+76xZaoNDtdPVi4sbehZjG48HaifZqqALieu\nVkbnpXpbKo2dSQAAAQEAhjmMNfYalvRixhTG74i7StlxRraTlfUTQVWEa4PcUU9B\n2gv/8YLPy5vxVsFqoy8Ztki0LqcGZgbFgeK9cjkbGw7SHN3gGGBqbm+oGLeXpTit\ntu6s3tQ3E0+fN+CxsOQUkhTwe8wWNUR57BRuKheU8voDk12aO+jt3Hg/QmfwLi6s\n+1wUBBrcjSSQDM04n8sbrG176V26AWLqcisF5eZSplxwVZXzCEi72ZGv4n9OD7xL\nu6ubW77cpqYcgVHV8M4UV4gLTSrY00FrybQ6XJkHSKy2GPQXlV36wJp7rTaf2LvW\n2m51s2GiDhI74mpf31MNzS4S/y+2oimk1uy6GQ4y5QAAAQEA8czvmW96EmTvwuWK\nLtdsxXViv7t2MiMda7MEnj6pB0EbvNTyB0Cyk6oNbYl2p0Dvvm3it4FHlCZjmRZI\n/6NJhaTLeUm2H0ra/3EFgn6j51yTn/K35ysPrkiUcpgNPjiQprI2XjUCcX26U1nK\n46qX3MkM5sciMBk6xyDNJ9RHlLDqaoO3PORkPSiPKoayTPDC+4pDrKnJpWtFCh/O\nx8Y4YhdGnOuu7Ki6gOx+eZdYinIdiEnC7JL6Es8kGGTDS3hP1lgLNreUU3Z/EJzP\nHIvzdqRHxf8FRSyWOtoUxW3W8qpMyUoRDyEzZRCqLqdxEfgOzlrTM6Lh2pfWJ9dw\ne6ockwAAAQEA4uCCfK4cF8eSiSquFL0/fZAe0l6qLqxoQDsVl247oQmRh5NgzB+l\nidRkHKUUUKhvO4Qr6oOlUMxNM9vd/7QNCiKztWsDf0FLN1WhxwpZ8fE8AjVdACAk\n3qrBnynvywqECGDahocqF9gF8x//5jy5P3Kn5giEdDk0kHY5ieIqccQwufb699GX\nWyL8+FixAK59EvuhgGvWJwgLOhPqc8ot+JHAf4THoTf6gC5zE2KY8tIvygQHkwp0\nEzuD3PgzRtlfyg7CKdPm4AN9z21cNYd6rNiQ2TvR8GmZvBJJhH4HnAFnca4ww89I\nlpTcMjfKoiipC0FZxzP3iLzfiKRdon7mVQAAAAAB\n-----END OPENSSH PRIVATE KEY-----\n",
            "private_key_pem": "-----BEGIN RSA PRIVATE KEY-----\nMIIJKQIBAAKCAgEA1kr6FvAPG7WZPqaX9aek9ZvzvZiSlWsaUhbrKMIvpLI6rowu\nz7allo6P/klC84WgKxvLKK8e+woZqLufzm3ZoLpGZDBaxB9VRsfkeQYXOPSdF9SN\npSmIJYbbGz7nlMRnB0E7C/PHgrmBIJtZZ+qLHUnejm4epCNxIEHgtZ6goA3mgCgk\nc9XTTbu5Beu9dickNWEw/+hkd2VVGT3C3Jqn+XoOhwYhPDWgqs9CVsoBPxCIeLdU\nsm3jEAwuQxf8I5cYZXswhnwvsC+20pANzHd76XBObWPz0AB9w5bahDPU8BhC4smH\nJVLVserOiKp1sI5Hq5OXPBTwG1CankvzOTFckemgLBTc3bnQJ+FleYBlyVaHPT2u\ncSqlAO+7bpI3JA6f0GjJxfUiKkSVAWflSQWJ77bPMDYPCtTqheJbiV3uGy82/6f/\n7mK+t/PQxqgVsO0UMCO2tE6vRehY95UMspiofNVe2AOG0V/fG8XZDuEZbGcYLEP0\nDyQd0q5B9jm/yuC5bk+QWck1Laxo6zaDAgXZzkVyM874uIc0t4bPos6mVt8OP/O+\nSK3t1GHfH3FQ/KIeW0dyABYG6kj/+gNTjv5P+PfebkeZ5aU2zCoM9ScbmgQ+s4dw\n4MjZ9/OgrUM/Qh1eKy48fNHZEHupHOftYv+ns4wQQo54iuUQQJqoqfuBjs8CAwEA\nAQKCAgEAiB5WH43bOvGuZvJxYjRb/ztRpyQsMEc5D93JADnhA4/G4Krg7UYKhskF\nxDOLGJ7Pr7JW6P/cAQBYbirIBtsWOxc3sVpZvWxdwbklco6g36fZxZJZawknlxbD\nRNo/Res/uob/18bA+1OUJz8mmnCMb01F1lkyk3aD3EacUyFwzFooCU32YbH4J89P\nZuhoj42rXVDgTB20+3ZdiMwHZBPFER4r7i7Bm7pA1V8Tt4dXJVT+Kxfg7/oHGmFy\nXWH14jGO6J9IopRtwk98pOGmMjPPfOe+mZO9AmndeQjwwrsdzmjKy73RX67vWLVa\n/cqxOTYXZnA4x4xRPDiGDnkWBUVKk6cKy4R6wh0GiR6Dag4UkpCafrgtXOfn+AWI\nfsbNdhotiEYKtJRDxpbXqQjflHeZf3bITBT6HCwa07pnF3oX8MuJiyUA1YKu0I4w\nyN5JJ1MvVovVKYIGOVRCCUcZhJySgIaa6d+wPuabl4gf3mORi26Q/j2q3coXSoF5\n0O8raMo0TlP2zFzyMsA+K++QpjhF0aInlocUdtfiFBJmcQbiD8Y5edKhdxCu5TiV\nRMVfWQ/OhsEpf/SMCrM1+yotcoJeov2xWn6KVKjskwtjHAt6xkxdNwz7jjeB/Z2S\ndvu+sWWqDQ7XT1YuLG3oWYxuPB2on2aqgC4nrlZG56V6WyqNnUkCggEBAPHM75lv\nehJk78Llii7XbMV1Yr+7djIjHWuzBJ4+qQdBG7zU8gdAspOqDW2JdqdA775t4reB\nR5QmY5kWSP+jSYWky3lJth9K2v9xBYJ+o+dck5/yt+crD65IlHKYDT44kKayNl41\nAnF9ulNZyuOql9zJDObHIjAZOscgzSfUR5Sw6mqDtzzkZD0ojyqGskzwwvuKQ6yp\nyaVrRQofzsfGOGIXRpzrruyouoDsfnmXWIpyHYhJwuyS+hLPJBhkw0t4T9ZYCza3\nlFN2fxCczxyL83akR8X/BUUsljraFMVt1vKqTMlKEQ8hM2UQqi6ncRH4Ds5a0zOi\n4dqX1ifXcHuqHJMCggEBAOLggnyuHBfHkokqrhS9P32QHtJeqi6saEA7FZduO6EJ\nkYeTYMwfpYnUZBylFFCobzuEK+qDpVDMTTPb3f+0DQois7VrA39BSzdVoccKWfHx\nPAI1XQAgJN6qwZ8p78sKhAhg2oaHKhfYBfMf/+Y8uT9yp+YIhHQ5NJB2OYniKnHE\nMLn2+vfRl1si/PhYsQCufRL7oYBr1icICzoT6nPKLfiRwH+Ex6E3+oAucxNimPLS\nL8oEB5MKdBM7g9z4M0bZX8oOwinT5uADfc9tXDWHeqzYkNk70fBpmbwSSYR+B5wB\nZ3GuMMPPSJaU3DI3yqIoqQtBWccz94i834ikXaJ+5lUCggEAP7Xz28XXsEkQM5Yv\nlrAEZPLNFh/awNMnyVzd9qQj/VlWaabiLq8JXocMCrSRovglM1PYzOkvZwXGcGvC\nyDjKAoCtbEPTzOL4WR36iau8nBV0gEx/0FU0SIOvOZJ+yso0svd6A9CL2EN8eMHM\nB7jHUtFWqOgHRg0fw6AM7lWslq0W1wHlohG7p7GsJ1ReXo+BkK2Zr0D9dKyTAFvp\nLBI6gP4JCQfAi3LZ0WZ+3KLYHYJ77ZEh3xvK8HHL3PGP067bumpwafZtCqDKUiI/\nIBJwD+6xSqYrSVK6Mr+LgYmzfTUKDm+Jlyb0V8jQToKn9Egb/ptH0u8z+1jOgKjv\nZmYoKQKCAQABokxOSZK6OR29DymhzJsgdGFEcpoXK/a0P7iwFoMnbcI2j8Eqty+i\nBn2SFz5GNnBWpWULk1clddM4hGTc6pcNc6KHs/WafQXlqCA6JsDvFSWxfmDlF1Ys\npF4wn0Sy2aiJxujL/z02Xr/sOFbHebh71H+REI6jp6XRRIi1jYNwvlD7hePY1RGZ\n/m6D+1+K+ba85EMNgblRHqW2DV6q5tHd8G7KfFJTvut28N6zTQp89TaS5eSIEpMz\ncEJK3R7Ba99cvS54zqXjByNo0wjO+eLQS97/MYcZjCknSZpt8dpsLTZpgy+muV90\ndi3/zpcPA+vzwMy8uosV2QZjHYvvF6rhAoIBAQCGOYw19hqW9GLGFMbviLtK2XFG\ntpOV9RNBVYRrg9xRT0HaC//xgs/Lm/FWwWqjLxm2SLQupwZmBsWB4r1yORsbDtIc\n3eAYYGpub6gYt5elOK227qze1DcTT5834LGw5BSSFPB7zBY1RHnsFG4qF5Ty+gOT\nXZo76O3ceD9CZ/AuLqz7XBQEGtyNJJAMzTifyxusbXvpXboBYupyKwXl5lKmXHBV\nlfMISLvZka/if04PvEu7q5tbvtymphyBUdXwzhRXiAtNKtjTQWvJtDpcmQdIrLYY\n9BeVXfrAmnutNp/Yu9babnWzYaIOEjvial/fUw3NLhL/L7aiKaTW7LoZDjLl\n-----END RSA PRIVATE KEY-----\n",
            "public_key_fingerprint_md5": "43:04:a6:66:31:5f:24:18:cd:ab:6d:f6:6b:17:95:5d",
            "public_key_fingerprint_sha256": "SHA256:Kb+KpizgCf9v5mHbHT+G091JZ57rhSgq5XOYjwxuVFA",
            "public_key_openssh": "ssh-rsa AAAAB3NzaC1yc2EAAAADAQABAAACAQDWSvoW8A8btZk+ppf1p6T1m/O9mJKVaxpSFusowi+ksjqujC7PtqWWjo/+SULzhaArG8sorx77Chmou5/ObdmgukZkMFrEH1VGx+R5Bhc49J0X1I2lKYglhtsbPueUxGcHQTsL88eCuYEgm1ln6osdSd6Obh6kI3EgQeC1nqCgDeaAKCRz1dNNu7kF6712JyQ1YTD/6GR3ZVUZPcLcmqf5eg6HBiE8NaCqz0JWygE/EIh4t1SybeMQDC5DF/wjlxhlezCGfC+wL7bSkA3Md3vpcE5tY/PQAH3DltqEM9TwGELiyYclUtWx6s6IqnWwjkerk5c8FPAbUJqeS/M5MVyR6aAsFNzdudAn4WV5gGXJVoc9Pa5xKqUA77tukjckDp/QaMnF9SIqRJUBZ+VJBYnvts8wNg8K1OqF4luJXe4bLzb/p//uYr6389DGqBWw7RQwI7a0Tq9F6Fj3lQyymKh81V7YA4bRX98bxdkO4RlsZxgsQ/QPJB3SrkH2Ob/K4LluT5BZyTUtrGjrNoMCBdnORXIzzvi4hzS3hs+izqZW3w4/875Ire3UYd8fcVD8oh5bR3IAFgbqSP/6A1OO/k/4995uR5nlpTbMKgz1JxuaBD6zh3DgyNn386CtQz9CHV4rLjx80dkQe6kc5+1i/6ezjBBCjniK5RBAmqip+4GOzw==\n",
            "public_key_pem": "-----BEGIN PUBLIC KEY-----\nMIICIjANBgkqhkiG9w0BAQEFAAOCAg8AMIICCgKCAgEA1kr6FvAPG7WZPqaX9aek\n9ZvzvZiSlWsaUhbrKMIvpLI6rowuz7allo6P/klC84WgKxvLKK8e+woZqLufzm3Z\noLpGZDBaxB9VRsfkeQYXOPSdF9SNpSmIJYbbGz7nlMRnB0E7C/PHgrmBIJtZZ+qL\nHUnejm4epCNxIEHgtZ6goA3mgCgkc9XTTbu5Beu9dickNWEw/+hkd2VVGT3C3Jqn\n+XoOhwYhPDWgqs9CVsoBPxCIeLdUsm3jEAwuQxf8I5cYZXswhnwvsC+20pANzHd7\n6XBObWPz0AB9w5bahDPU8BhC4smHJVLVserOiKp1sI5Hq5OXPBTwG1CankvzOTFc\nkemgLBTc3bnQJ+FleYBlyVaHPT2ucSqlAO+7bpI3JA6f0GjJxfUiKkSVAWflSQWJ\n77bPMDYPCtTqheJbiV3uGy82/6f/7mK+t/PQxqgVsO0UMCO2tE6vRehY95UMspio\nfNVe2AOG0V/fG8XZDuEZbGcYLEP0DyQd0q5B9jm/yuC5bk+QWck1Laxo6zaDAgXZ\nzkVyM874uIc0t4bPos6mVt8OP/O+SK3t1GHfH3FQ/KIeW0dyABYG6kj/+gNTjv5P\n+PfebkeZ5aU2zCoM9ScbmgQ+s4dw4MjZ9/OgrUM/Qh1eKy48fNHZEHupHOftYv+n\ns4wQQo54iuUQQJqoqfuBjs8CAwEAAQ==\n-----END PUBLIC KEY-----\n",
            "rsa_bits": 4096
          },
          "sensitive_attributes": [],
          "private": "bnVsbA=="
        }
      ]
    },
    {
      "module": "module.instancia",
      "mode": "data",
      "type": "aws_ami",
      "name": "imagen_so",
      "provider": "provider[\"registry.terraform.io/hashicorp/aws\"]",
      "instances": [
        {
          "schema_version": 0,
          "attributes": {
            "architecture": "x86_64",
            "arn": "arn:aws:ec2:eu-west-1::image/ami-0f29c8402f8cce65c",
            "block_device_mappings": [
              {
                "device_name": "/dev/sda1",
                "ebs": {
                  "delete_on_termination": "true",
                  "encrypted": "false",
                  "iops": "0",
                  "snapshot_id": "snap-0addbd6fb05971b21",
                  "throughput": "0",
                  "volume_size": "8",
                  "volume_type": "gp2"
                },
                "no_device": "",
                "virtual_name": ""
              },
              {
                "device_name": "/dev/sdb",
                "ebs": {},
                "no_device": "",
                "virtual_name": "ephemeral0"
              },
              {
                "device_name": "/dev/sdc",
                "ebs": {},
                "no_device": "",
                "virtual_name": "ephemeral1"
              }
            ],
            "boot_mode": "",
            "creation_date": "2021-09-29T08:19:45.000Z",
            "deprecation_time": "2023-09-29T08:19:45.000Z",
            "description": "Canonical, Ubuntu, 16.04 LTS, amd64 xenial image build on 2021-09-28",
            "ena_support": true,
            "executable_users": null,
            "filter": [
              {
                "name": "name",
                "values": [
                  "*ubuntu-xenial-16.04-amd64-server-*"
                ]
              },
              {
                "name": "virtualization-type",
                "values": [
                  "hvm"
                ]
              }
            ],
            "hypervisor": "xen",
            "id": "ami-0f29c8402f8cce65c",
            "image_id": "ami-0f29c8402f8cce65c",
            "image_location": "099720109477/ubuntu/images/hvm-ssd/ubuntu-xenial-16.04-amd64-server-20210928",
            "image_owner_alias": "",
            "image_type": "machine",
            "include_deprecated": false,
            "kernel_id": "",
            "most_recent": true,
            "name": "ubuntu/images/hvm-ssd/ubuntu-xenial-16.04-amd64-server-20210928",
            "name_regex": null,
            "owner_id": "099720109477",
            "owners": [
              "099720109477"
            ],
            "platform": "",
            "platform_details": "Linux/UNIX",
            "product_codes": [],
            "public": true,
            "ramdisk_id": "",
            "root_device_name": "/dev/sda1",
            "root_device_type": "ebs",
            "root_snapshot_id": "snap-0addbd6fb05971b21",
            "sriov_net_support": "simple",
            "state": "available",
            "state_reason": {
              "code": "UNSET",
              "message": "UNSET"
            },
            "tags": {},
            "tpm_support": "",
            "usage_operation": "RunInstances",
            "virtualization_type": "hvm"
          },
          "sensitive_attributes": []
        }
      ]
    },
    {
      "module": "module.instancia",
      "mode": "data",
      "type": "aws_ec2_instance_type",
      "name": "comprobacion_tipo_instancia",
      "provider": "provider[\"registry.terraform.io/hashicorp/aws\"]",
      "instances": [
        {
          "schema_version": 0,
          "attributes": {
            "auto_recovery_supported": true,
            "bare_metal": false,
            "burstable_performance_supported": true,
            "current_generation": true,
            "dedicated_hosts_supported": false,
            "default_cores": 1,
            "default_threads_per_core": 1,
            "default_vcpus": 1,
            "ebs_encryption_support": "supported",
            "ebs_nvme_support": "unsupported",
            "ebs_optimized_support": "unsupported",
            "ebs_performance_baseline_bandwidth": null,
            "ebs_performance_baseline_iops": null,
            "ebs_performance_baseline_throughput": null,
            "ebs_performance_maximum_bandwidth": null,
            "ebs_performance_maximum_iops": null,
            "ebs_performance_maximum_throughput": null,
            "efa_supported": false,
            "ena_support": "unsupported",
            "encryption_in_transit_supported": false,
            "fpgas": [],
            "free_tier_eligible": true,
            "gpus": [],
            "hibernation_supported": true,
            "hypervisor": "xen",
            "id": "t2.micro",
            "inference_accelerators": [],
            "instance_disks": [],
            "instance_storage_supported": false,
            "instance_type": "t2.micro",
            "ipv6_supported": true,
            "maximum_ipv4_addresses_per_interface": 2,
            "maximum_ipv6_addresses_per_interface": 2,
            "maximum_network_interfaces": 2,
            "memory_size": 1024,
            "network_performance": "Low to Moderate",
            "supported_architectures": [
              "i386",
              "x86_64"
            ],
            "supported_placement_strategies": [
              "partition",
              "spread"
            ],
            "supported_root_device_types": [
              "ebs"
            ],
            "supported_usages_classes": [
              "on-demand",
              "spot"
            ],
            "supported_virtualization_types": [
              "hvm"
            ],
            "sustained_clock_speed": 2.5,
            "total_fpga_memory": null,
            "total_gpu_memory": null,
            "total_instance_storage": null,
            "valid_cores": [],
            "valid_threads_per_core": []
          },
          "sensitive_attributes": []
        }
      ]
    },
    {
      "module": "module.instancia",
      "mode": "managed",
      "type": "aws_instance",
      "name": "maquina",
      "provider": "provider[\"registry.terraform.io/hashicorp/aws\"]",
      "instances": [
        {
          "schema_version": 1,
          "attributes": {
            "ami": "ami-0f29c8402f8cce65c",
            "arn": "arn:aws:ec2:eu-west-1:639988086142:instance/i-059ceedbec43f3ebf",
            "associate_public_ip_address": true,
            "availability_zone": "eu-west-1a",
            "capacity_reservation_specification": [
              {
                "capacity_reservation_preference": "open",
                "capacity_reservation_target": []
              }
            ],
            "cpu_core_count": 1,
            "cpu_threads_per_core": 1,
            "credit_specification": [
              {
                "cpu_credits": "standard"
              }
            ],
            "disable_api_stop": false,
            "disable_api_termination": false,
            "ebs_block_device": [],
            "ebs_optimized": false,
            "enclave_options": [
              {
                "enabled": false
              }
            ],
            "ephemeral_block_device": [],
            "get_password_data": false,
            "hibernation": false,
            "host_id": null,
            "iam_instance_profile": "",
            "id": "i-059ceedbec43f3ebf",
            "instance_initiated_shutdown_behavior": "stop",
            "instance_state": "running",
            "instance_type": "t2.micro",
            "ipv6_address_count": 0,
            "ipv6_addresses": [],
            "key_name": "clave-tf-Ivancete",
            "launch_template": [],
            "maintenance_options": [
              {
                "auto_recovery": "default"
              }
            ],
            "metadata_options": [
              {
                "http_endpoint": "enabled",
                "http_put_response_hop_limit": 1,
                "http_tokens": "optional",
                "instance_metadata_tags": "disabled"
              }
            ],
            "monitoring": false,
            "network_interface": [],
            "outpost_arn": "",
            "password_data": "",
            "placement_group": "",
            "placement_partition_number": null,
            "primary_network_interface_id": "eni-020ded4d6af6b0ead",
            "private_dns": "ip-172-31-5-65.eu-west-1.compute.internal",
            "private_dns_name_options": [
              {
                "enable_resource_name_dns_a_record": false,
                "enable_resource_name_dns_aaaa_record": false,
                "hostname_type": "ip-name"
              }
            ],
            "private_ip": "172.31.5.65",
            "public_dns": "ec2-54-216-60-142.eu-west-1.compute.amazonaws.com",
            "public_ip": "54.216.60.142",
            "root_block_device": [
              {
                "delete_on_termination": true,
                "device_name": "/dev/sda1",
                "encrypted": false,
                "iops": 100,
                "kms_key_id": "",
                "tags": {},
                "throughput": 0,
                "volume_id": "vol-0f1ad4f4ec07d86bb",
                "volume_size": 8,
                "volume_type": "gp2"
              }
            ],
            "secondary_private_ips": [],
            "security_groups": [
              "securitygroup-tf-Ivancete"
            ],
            "source_dest_check": true,
            "subnet_id": "subnet-89665def",
            "tags": {
              "Name": "instancia-tf-Ivancete"
            },
            "tags_all": {
              "Name": "instancia-tf-Ivancete"
            },
            "tenancy": "default",
            "timeouts": null,
            "user_data": null,
            "user_data_base64": null,
            "user_data_replace_on_change": false,
            "volume_tags": null,
            "vpc_security_group_ids": [
              "sg-076715e8c1d73adf2"
            ]
          },
          "sensitive_attributes": [],
          "private": "eyJlMmJmYjczMC1lY2FhLTExZTYtOGY4OC0zNDM2M2JjN2M0YzAiOnsiY3JlYXRlIjo2MDAwMDAwMDAwMDAsImRlbGV0ZSI6MTIwMDAwMDAwMDAwMCwidXBkYXRlIjo2MDAwMDAwMDAwMDB9LCJzY2hlbWFfdmVyc2lvbiI6IjEifQ==",
          "dependencies": [
            "module.claves_conexion.null_resource.borrador_de_claves",
            "module.claves_conexion.tls_private_key.mis_claves",
            "module.instancia.aws_key_pair.clave_aws",
            "module.instancia.aws_security_group.mi_security_group",
            "module.instancia.data.aws_ami.imagen_so",
            "module.instancia.data.aws_ec2_instance_type.comprobacion_tipo_instancia"
          ]
        }
      ]
    },
    {
      "module": "module.instancia",
      "mode": "managed",
      "type": "aws_key_pair",
      "name": "clave_aws",
      "provider": "provider[\"registry.terraform.io/hashicorp/aws\"]",
      "instances": [
        {
          "schema_version": 1,
          "attributes": {
            "arn": "arn:aws:ec2:eu-west-1:639988086142:key-pair/clave-tf-Ivancete",
            "fingerprint": "44:db:29:b7:3f:93:53:ac:8b:61:2f:03:9b:19:ce:a8",
            "id": "clave-tf-Ivancete",
            "key_name": "clave-tf-Ivancete",
            "key_name_prefix": "",
            "key_pair_id": "key-033d05e5cd5be0a91",
            "key_type": "rsa",
            "public_key": "ssh-rsa AAAAB3NzaC1yc2EAAAADAQABAAACAQDWSvoW8A8btZk+ppf1p6T1m/O9mJKVaxpSFusowi+ksjqujC7PtqWWjo/+SULzhaArG8sorx77Chmou5/ObdmgukZkMFrEH1VGx+R5Bhc49J0X1I2lKYglhtsbPueUxGcHQTsL88eCuYEgm1ln6osdSd6Obh6kI3EgQeC1nqCgDeaAKCRz1dNNu7kF6712JyQ1YTD/6GR3ZVUZPcLcmqf5eg6HBiE8NaCqz0JWygE/EIh4t1SybeMQDC5DF/wjlxhlezCGfC+wL7bSkA3Md3vpcE5tY/PQAH3DltqEM9TwGELiyYclUtWx6s6IqnWwjkerk5c8FPAbUJqeS/M5MVyR6aAsFNzdudAn4WV5gGXJVoc9Pa5xKqUA77tukjckDp/QaMnF9SIqRJUBZ+VJBYnvts8wNg8K1OqF4luJXe4bLzb/p//uYr6389DGqBWw7RQwI7a0Tq9F6Fj3lQyymKh81V7YA4bRX98bxdkO4RlsZxgsQ/QPJB3SrkH2Ob/K4LluT5BZyTUtrGjrNoMCBdnORXIzzvi4hzS3hs+izqZW3w4/875Ire3UYd8fcVD8oh5bR3IAFgbqSP/6A1OO/k/4995uR5nlpTbMKgz1JxuaBD6zh3DgyNn386CtQz9CHV4rLjx80dkQe6kc5+1i/6ezjBBCjniK5RBAmqip+4GOzw==",
            "tags": null,
            "tags_all": {}
          },
          "sensitive_attributes": [],
          "private": "eyJzY2hlbWFfdmVyc2lvbiI6IjEifQ==",
          "dependencies": [
            "module.claves_conexion.null_resource.borrador_de_claves",
            "module.claves_conexion.tls_private_key.mis_claves"
          ]
        }
      ]
    },
    {
      "module": "module.instancia",
      "mode": "managed",
      "type": "aws_security_group",
      "name": "mi_security_group",
      "provider": "provider[\"registry.terraform.io/hashicorp/aws\"]",
      "instances": [
        {
          "schema_version": 1,
          "attributes": {
            "arn": "arn:aws:ec2:eu-west-1:639988086142:security-group/sg-076715e8c1d73adf2",
            "description": "Managed by Terraform",
            "egress": [
              {
                "cidr_blocks": [
                  "0.0.0.0/0"
                ],
                "description": "",
                "from_port": 0,
                "ipv6_cidr_blocks": [],
                "prefix_list_ids": [],
                "protocol": "-1",
                "security_groups": [],
                "self": false,
                "to_port": 0
              }
            ],
            "id": "sg-076715e8c1d73adf2",
            "ingress": [
              {
                "cidr_blocks": [
                  "0.0.0.0/0"
                ],
                "description": "Aceptar http",
                "from_port": 80,
                "ipv6_cidr_blocks": [],
                "prefix_list_ids": [],
                "protocol": "tcp",
                "security_groups": [],
                "self": false,
                "to_port": 80
              },
              {
                "cidr_blocks": [
                  "0.0.0.0/0"
                ],
                "description": "Aceptar https",
                "from_port": 443,
                "ipv6_cidr_blocks": [],
                "prefix_list_ids": [],
                "protocol": "tcp",
                "security_groups": [],
                "self": false,
                "to_port": 443
              },
              {
                "cidr_blocks": [
                  "0.0.0.0/0"
                ],
                "description": "Aceptar ssh",
                "from_port": 22,
                "ipv6_cidr_blocks": [],
                "prefix_list_ids": [],
                "protocol": "tcp",
                "security_groups": [],
                "self": false,
                "to_port": 22
              }
            ],
            "name": "securitygroup-tf-Ivancete",
            "name_prefix": "",
            "owner_id": "639988086142",
            "revoke_rules_on_delete": false,
            "tags": {
              "Name": "securitygroup-tf-Ivancete"
            },
            "tags_all": {
              "Name": "securitygroup-tf-Ivancete"
            },
            "timeouts": null,
            "vpc_id": "vpc-e5ef219c"
          },
          "sensitive_attributes": [],
          "private": "eyJlMmJmYjczMC1lY2FhLTExZTYtOGY4OC0zNDM2M2JjN2M0YzAiOnsiY3JlYXRlIjo2MDAwMDAwMDAwMDAsImRlbGV0ZSI6OTAwMDAwMDAwMDAwfSwic2NoZW1hX3ZlcnNpb24iOiIxIn0=",
          "dependencies": [
            "module.claves_conexion.null_resource.borrador_de_claves",
            "module.claves_conexion.tls_private_key.mis_claves"
          ]
        }
      ]
    },
    {
      "module": "module.instancia",
      "mode": "managed",
      "type": "null_resource",
      "name": "comprobador",
      "provider": "provider[\"registry.terraform.io/hashicorp/null\"]",
      "instances": [
        {
          "schema_version": 0,
          "attributes": {
            "id": "7893985775005518890",
            "triggers": {
              "trigger": "t2.micro"
            }
          },
          "sensitive_attributes": [],
          "private": "bnVsbA==",
          "dependencies": [
            "module.claves_conexion.null_resource.borrador_de_claves",
            "module.claves_conexion.tls_private_key.mis_claves",
            "module.instancia.data.aws_ec2_instance_type.comprobacion_tipo_instancia"
          ]
        }
      ]
    }
  ]
}
