{
  "version": 4,
  "terraform_version": "1.2.3",
  "serial": 34,
  "lineage": "00124175-0eb2-035c-547a-00bd90bf4fa8",
  "outputs": {},
  "resources": [
    {
      "mode": "data",
      "type": "aws_ami",
      "name": "imagen_so",
      "provider": "provider[\"registry.terraform.io/hashicorp/aws\"]",
      "instances": [
        {
          "schema_version": 0,
          "attributes": {
            "architecture": "x86_64",
            "arn": "arn:aws:ec2:eu-west-1::image/ami-0f29c8402f8cce65c",
            "block_device_mappings": [
              {
                "device_name": "/dev/sda1",
                "ebs": {
                  "delete_on_termination": "true",
                  "encrypted": "false",
                  "iops": "0",
                  "snapshot_id": "snap-0addbd6fb05971b21",
                  "throughput": "0",
                  "volume_size": "8",
                  "volume_type": "gp2"
                },
                "no_device": "",
                "virtual_name": ""
              },
              {
                "device_name": "/dev/sdb",
                "ebs": {},
                "no_device": "",
                "virtual_name": "ephemeral0"
              },
              {
                "device_name": "/dev/sdc",
                "ebs": {},
                "no_device": "",
                "virtual_name": "ephemeral1"
              }
            ],
            "boot_mode": "",
            "creation_date": "2021-09-29T08:19:45.000Z",
            "deprecation_time": "2023-09-29T08:19:45.000Z",
            "description": "Canonical, Ubuntu, 16.04 LTS, amd64 xenial image build on 2021-09-28",
            "ena_support": true,
            "executable_users": null,
            "filter": [
              {
                "name": "name",
                "values": [
                  "*ubuntu-xenial-16.04-amd64-server-*"
                ]
              },
              {
                "name": "virtualization-type",
                "values": [
                  "hvm"
                ]
              }
            ],
            "hypervisor": "xen",
            "id": "ami-0f29c8402f8cce65c",
            "image_id": "ami-0f29c8402f8cce65c",
            "image_location": "099720109477/ubuntu/images/hvm-ssd/ubuntu-xenial-16.04-amd64-server-20210928",
            "image_owner_alias": "",
            "image_type": "machine",
            "kernel_id": "",
            "most_recent": true,
            "name": "ubuntu/images/hvm-ssd/ubuntu-xenial-16.04-amd64-server-20210928",
            "name_regex": null,
            "owner_id": "099720109477",
            "owners": [
              "099720109477"
            ],
            "platform": "",
            "platform_details": "Linux/UNIX",
            "product_codes": [],
            "public": true,
            "ramdisk_id": "",
            "root_device_name": "/dev/sda1",
            "root_device_type": "ebs",
            "root_snapshot_id": "snap-0addbd6fb05971b21",
            "sriov_net_support": "simple",
            "state": "available",
            "state_reason": {
              "code": "UNSET",
              "message": "UNSET"
            },
            "tags": {},
            "tpm_support": "",
            "usage_operation": "RunInstances",
            "virtualization_type": "hvm"
          },
          "sensitive_attributes": []
        }
      ]
    },
    {
      "mode": "data",
      "type": "aws_ec2_instance_type",
      "name": "comprobacion_tipo_instancia",
      "provider": "provider[\"registry.terraform.io/hashicorp/aws\"]",
      "instances": [
        {
          "schema_version": 0,
          "attributes": {
            "auto_recovery_supported": true,
            "bare_metal": false,
            "burstable_performance_supported": true,
            "current_generation": true,
            "dedicated_hosts_supported": false,
            "default_cores": 1,
            "default_threads_per_core": 1,
            "default_vcpus": 1,
            "ebs_encryption_support": "supported",
            "ebs_nvme_support": "unsupported",
            "ebs_optimized_support": "unsupported",
            "ebs_performance_baseline_bandwidth": null,
            "ebs_performance_baseline_iops": null,
            "ebs_performance_baseline_throughput": null,
            "ebs_performance_maximum_bandwidth": null,
            "ebs_performance_maximum_iops": null,
            "ebs_performance_maximum_throughput": null,
            "efa_supported": false,
            "ena_support": "unsupported",
            "encryption_in_transit_supported": false,
            "fpgas": [],
            "free_tier_eligible": true,
            "gpus": [],
            "hibernation_supported": true,
            "hypervisor": "xen",
            "id": "t2.micro",
            "inference_accelerators": [],
            "instance_disks": [],
            "instance_storage_supported": false,
            "instance_type": "t2.micro",
            "ipv6_supported": true,
            "maximum_ipv4_addresses_per_interface": 2,
            "maximum_ipv6_addresses_per_interface": 2,
            "maximum_network_interfaces": 2,
            "memory_size": 1024,
            "network_performance": "Low to Moderate",
            "supported_architectures": [
              "i386",
              "x86_64"
            ],
            "supported_placement_strategies": [
              "partition",
              "spread"
            ],
            "supported_root_device_types": [
              "ebs"
            ],
            "supported_usages_classes": [
              "on-demand",
              "spot"
            ],
            "supported_virtualization_types": [
              "hvm"
            ],
            "sustained_clock_speed": 2.5,
            "total_fpga_memory": null,
            "total_gpu_memory": null,
            "total_instance_storage": null,
            "valid_cores": [],
            "valid_threads_per_core": []
          },
          "sensitive_attributes": []
        }
      ]
    },
    {
      "mode": "managed",
      "type": "aws_instance",
      "name": "maquina",
      "provider": "provider[\"registry.terraform.io/hashicorp/aws\"]",
      "instances": [
        {
          "schema_version": 1,
          "attributes": {
            "ami": "ami-0f29c8402f8cce65c",
            "arn": "arn:aws:ec2:eu-west-1:639988086142:instance/i-09b5c455a3ab1ff02",
            "associate_public_ip_address": true,
            "availability_zone": "eu-west-1a",
            "capacity_reservation_specification": [
              {
                "capacity_reservation_preference": "open",
                "capacity_reservation_target": []
              }
            ],
            "cpu_core_count": 1,
            "cpu_threads_per_core": 1,
            "credit_specification": [
              {
                "cpu_credits": "standard"
              }
            ],
            "disable_api_stop": false,
            "disable_api_termination": false,
            "ebs_block_device": [],
            "ebs_optimized": false,
            "enclave_options": [
              {
                "enabled": false
              }
            ],
            "ephemeral_block_device": [],
            "get_password_data": false,
            "hibernation": false,
            "host_id": null,
            "iam_instance_profile": "",
            "id": "i-09b5c455a3ab1ff02",
            "instance_initiated_shutdown_behavior": "stop",
            "instance_state": "running",
            "instance_type": "t2.micro",
            "ipv6_address_count": 0,
            "ipv6_addresses": [],
            "key_name": "clave-tf-Ivan",
            "launch_template": [],
            "maintenance_options": [
              {
                "auto_recovery": "default"
              }
            ],
            "metadata_options": [
              {
                "http_endpoint": "enabled",
                "http_put_response_hop_limit": 1,
                "http_tokens": "optional",
                "instance_metadata_tags": "disabled"
              }
            ],
            "monitoring": false,
            "network_interface": [],
            "outpost_arn": "",
            "password_data": "",
            "placement_group": "",
            "placement_partition_number": null,
            "primary_network_interface_id": "eni-036d9b1cd462fa1b9",
            "private_dns": "ip-172-31-6-104.eu-west-1.compute.internal",
            "private_dns_name_options": [
              {
                "enable_resource_name_dns_a_record": false,
                "enable_resource_name_dns_aaaa_record": false,
                "hostname_type": "ip-name"
              }
            ],
            "private_ip": "172.31.6.104",
            "public_dns": "ec2-3-250-86-163.eu-west-1.compute.amazonaws.com",
            "public_ip": "3.250.86.163",
            "root_block_device": [
              {
                "delete_on_termination": true,
                "device_name": "/dev/sda1",
                "encrypted": false,
                "iops": 100,
                "kms_key_id": "",
                "tags": {},
                "throughput": 0,
                "volume_id": "vol-0971a67d6e6a648f4",
                "volume_size": 8,
                "volume_type": "gp2"
              }
            ],
            "secondary_private_ips": [],
            "security_groups": [
              "securitygroup-tf-Ivan"
            ],
            "source_dest_check": true,
            "subnet_id": "subnet-89665def",
            "tags": {
              "Name": "instancia-tf-Ivan"
            },
            "tags_all": {
              "Name": "instancia-tf-Ivan"
            },
            "tenancy": "default",
            "timeouts": null,
            "user_data": null,
            "user_data_base64": null,
            "user_data_replace_on_change": false,
            "volume_tags": null,
            "vpc_security_group_ids": [
              "sg-06f88c257881b67a6"
            ]
          },
          "sensitive_attributes": [],
          "private": "eyJlMmJmYjczMC1lY2FhLTExZTYtOGY4OC0zNDM2M2JjN2M0YzAiOnsiY3JlYXRlIjo2MDAwMDAwMDAwMDAsImRlbGV0ZSI6MTIwMDAwMDAwMDAwMCwidXBkYXRlIjo2MDAwMDAwMDAwMDB9LCJzY2hlbWFfdmVyc2lvbiI6IjEifQ==",
          "dependencies": [
            "aws_key_pair.clave_aws",
            "aws_security_group.mi_security_group",
            "data.aws_ami.imagen_so",
            "data.aws_ec2_instance_type.comprobacion_tipo_instancia",
            "tls_private_key.mis_claves"
          ]
        }
      ]
    },
    {
      "mode": "managed",
      "type": "aws_key_pair",
      "name": "clave_aws",
      "provider": "provider[\"registry.terraform.io/hashicorp/aws\"]",
      "instances": [
        {
          "schema_version": 1,
          "attributes": {
            "arn": "arn:aws:ec2:eu-west-1:639988086142:key-pair/clave-tf-Ivan",
            "fingerprint": "9d:8c:90:49:76:27:fb:6b:5f:da:e1:e5:11:c9:22:6f",
            "id": "clave-tf-Ivan",
            "key_name": "clave-tf-Ivan",
            "key_name_prefix": "",
            "key_pair_id": "key-09d57b778ec375416",
            "public_key": "ssh-rsa AAAAB3NzaC1yc2EAAAADAQABAAACAQD0xq7JePoKBkULHFKK/zlwXzFMrilTHHDUNKSj18Avf/STQbLFRmY7tkJ6Da4QEk/uTI+1rAkiMsSohVzT3bHBKCZ5d9MuP2g9oae/I8X0VShLAmpI+AwThTle4HnAvfrVFH1prf2e8rqD8xI31LlhDPk77xKzNn+pKoAk+fFoLT2WPCJdd6HloO1USZ5pD3TcYSs7ea531khGRX5x2tivRWpbvjbrE/Cpga2H4ZkZurzR44vRXYXJ4Kn6dHg5sbxA6QxW+OtIF9f3XJNbyl6YqhUHAcRQ9Mu3L1KDSYvBhAvDtJwmUOyJPrBZ9C8niuv7pDpGI+mGvDbRz8JMaMpQ+5vO2utHtuWGo1dqUWXQ3pu2k+deN7JTlpit1HctHQeidvESFitpVASLaP2jpPIP3EgNZUCs0gl/1r2gUIOhY1FkaggkXSAXLZMnVccApJV88svCkQZfxiuT2XI7zMQIxxShvqOZnmlGykpG6yb7eJpS71pXwOwdgW3BZz8DoZEclg89pMhrdwAsgOoUMsBsaP3nDlkIgAt5onTwWqgybND/5TZnwTXkuCf80eGgF4w2TB2quGVTfi1qdEm41C126Ms+WQbRC8vg1Oy3hG5auZymI5nVjybmdM1i3th0HyNL3ZF23gPMEYxlwnXzYT8/12MGw1M050leoWL+dFoIpQ==",
            "tags": {},
            "tags_all": {}
          },
          "sensitive_attributes": [],
          "private": "eyJzY2hlbWFfdmVyc2lvbiI6IjEifQ==",
          "dependencies": [
            "tls_private_key.mis_claves"
          ]
        }
      ]
    },
    {
      "mode": "managed",
      "type": "aws_security_group",
      "name": "mi_security_group",
      "provider": "provider[\"registry.terraform.io/hashicorp/aws\"]",
      "instances": [
        {
          "schema_version": 1,
          "attributes": {
            "arn": "arn:aws:ec2:eu-west-1:639988086142:security-group/sg-06f88c257881b67a6",
            "description": "Managed by Terraform",
            "egress": [
              {
                "cidr_blocks": [
                  "0.0.0.0/0"
                ],
                "description": "",
                "from_port": 0,
                "ipv6_cidr_blocks": [],
                "prefix_list_ids": [],
                "protocol": "-1",
                "security_groups": [],
                "self": false,
                "to_port": 0
              }
            ],
            "id": "sg-06f88c257881b67a6",
            "ingress": [
              {
                "cidr_blocks": [
                  "0.0.0.0/0"
                ],
                "description": "Aceptar http",
                "from_port": 80,
                "ipv6_cidr_blocks": [],
                "prefix_list_ids": [],
                "protocol": "tcp",
                "security_groups": [],
                "self": false,
                "to_port": 80
              },
              {
                "cidr_blocks": [
                  "0.0.0.0/0"
                ],
                "description": "Aceptar https",
                "from_port": 443,
                "ipv6_cidr_blocks": [],
                "prefix_list_ids": [],
                "protocol": "tcp",
                "security_groups": [],
                "self": false,
                "to_port": 443
              },
              {
                "cidr_blocks": [
                  "0.0.0.0/0"
                ],
                "description": "Aceptar ssh",
                "from_port": 22,
                "ipv6_cidr_blocks": [],
                "prefix_list_ids": [],
                "protocol": "tcp",
                "security_groups": [],
                "self": false,
                "to_port": 22
              }
            ],
            "name": "securitygroup-tf-Ivan",
            "name_prefix": "",
            "owner_id": "639988086142",
            "revoke_rules_on_delete": false,
            "tags": {
              "Name": "securitygroup-tf-Ivan"
            },
            "tags_all": {
              "Name": "securitygroup-tf-Ivan"
            },
            "timeouts": null,
            "vpc_id": "vpc-e5ef219c"
          },
          "sensitive_attributes": [],
          "private": "eyJlMmJmYjczMC1lY2FhLTExZTYtOGY4OC0zNDM2M2JjN2M0YzAiOnsiY3JlYXRlIjo2MDAwMDAwMDAwMDAsImRlbGV0ZSI6OTAwMDAwMDAwMDAwfSwic2NoZW1hX3ZlcnNpb24iOiIxIn0="
        }
      ]
    },
    {
      "mode": "managed",
      "type": "null_resource",
      "name": "comprobador",
      "provider": "provider[\"registry.terraform.io/hashicorp/null\"]",
      "instances": [
        {
          "schema_version": 0,
          "attributes": {
            "id": "4917728581894018399",
            "triggers": {
              "trigger": "t2.micro"
            }
          },
          "sensitive_attributes": [],
          "private": "bnVsbA==",
          "dependencies": [
            "data.aws_ec2_instance_type.comprobacion_tipo_instancia"
          ]
        }
      ]
    },
    {
      "mode": "managed",
      "type": "null_resource",
      "name": "ejecutor",
      "provider": "provider[\"registry.terraform.io/hashicorp/null\"]",
      "instances": [
        {
          "schema_version": 0,
          "attributes": {
            "id": "7156250833517213907",
            "triggers": {
              "BORRAR": "true",
              "FICHERO_PRIVADA": "clave-privada.pem",
              "FICHERO_PUBLICA": "clave-publica.pem",
              "mi_trigger": "76042932ae23b3ac739d12de6d5c4074bc5737f1"
            }
          },
          "sensitive_attributes": [],
          "private": "bnVsbA==",
          "dependencies": [
            "tls_private_key.mis_claves"
          ]
        }
      ]
    },
    {
      "mode": "managed",
      "type": "tls_private_key",
      "name": "mis_claves",
      "provider": "provider[\"registry.terraform.io/hashicorp/tls\"]",
      "instances": [
        {
          "schema_version": 0,
          "attributes": {
            "algorithm": "RSA",
            "ecdsa_curve": "P224",
            "id": "76042932ae23b3ac739d12de6d5c4074bc5737f1",
            "private_key_openssh": "-----BEGIN OPENSSH PRIVATE KEY-----\nb3BlbnNzaC1rZXktdjEAAAAABG5vbmUAAAAEbm9uZQAAAAAAAAABAAACFwAAAAdz\nc2gtcnNhAAAAAwEAAQAAAgEA9MauyXj6CgZFCxxSiv85cF8xTK4pUxxw1DSko9fA\nL3/0k0GyxUZmO7ZCeg2uEBJP7kyPtawJIjLEqIVc092xwSgmeXfTLj9oPaGnvyPF\n9FUoSwJqSPgME4U5XuB5wL361RR9aa39nvK6g/MSN9S5YQz5O+8SszZ/qSqAJPnx\naC09ljwiXXeh5aDtVEmeaQ903GErO3mud9ZIRkV+cdrYr0VqW7426xPwqYGth+GZ\nGbq80eOL0V2FyeCp+nR4ObG8QOkMVvjrSBfX91yTW8pemKoVBwHEUPTLty9Sg0mL\nwYQLw7ScJlDsiT6wWfQvJ4rr+6Q6RiPphrw20c/CTGjKUPubztrrR7blhqNXalFl\n0N6btpPnXjeyU5aYrdR3LR0HonbxEhYraVQEi2j9o6TyD9xIDWVArNIJf9a9oFCD\noWNRZGoIJF0gFy2TJ1XHAKSVfPLLwpEGX8Yrk9lyO8zECMcUob6jmZ5pRspKRusm\n+3iaUu9aV8DsHYFtwWc/A6GRHJYPPaTIa3cALIDqFDLAbGj95w5ZCIALeaJ08Fqo\nMmzQ/+U2Z8E15Lgn/NHhoBeMNkwdqrhlU34tanRJuNQtdujLPlkG0QvL4NTst4Ru\nWrmcpiOZ1Y8m5nTNYt7YdB8jS92Rdt4DzBGMZcJ182E/P9djBsNTNOdJXqFi/nRa\nCKUAAAc4EGjqnhBo6p4AAAAHc3NoLXJzYQAAAgEA9MauyXj6CgZFCxxSiv85cF8x\nTK4pUxxw1DSko9fAL3/0k0GyxUZmO7ZCeg2uEBJP7kyPtawJIjLEqIVc092xwSgm\neXfTLj9oPaGnvyPF9FUoSwJqSPgME4U5XuB5wL361RR9aa39nvK6g/MSN9S5YQz5\nO+8SszZ/qSqAJPnxaC09ljwiXXeh5aDtVEmeaQ903GErO3mud9ZIRkV+cdrYr0Vq\nW7426xPwqYGth+GZGbq80eOL0V2FyeCp+nR4ObG8QOkMVvjrSBfX91yTW8pemKoV\nBwHEUPTLty9Sg0mLwYQLw7ScJlDsiT6wWfQvJ4rr+6Q6RiPphrw20c/CTGjKUPub\nztrrR7blhqNXalFl0N6btpPnXjeyU5aYrdR3LR0HonbxEhYraVQEi2j9o6TyD9xI\nDWVArNIJf9a9oFCDoWNRZGoIJF0gFy2TJ1XHAKSVfPLLwpEGX8Yrk9lyO8zECMcU\nob6jmZ5pRspKRusm+3iaUu9aV8DsHYFtwWc/A6GRHJYPPaTIa3cALIDqFDLAbGj9\n5w5ZCIALeaJ08FqoMmzQ/+U2Z8E15Lgn/NHhoBeMNkwdqrhlU34tanRJuNQtdujL\nPlkG0QvL4NTst4RuWrmcpiOZ1Y8m5nTNYt7YdB8jS92Rdt4DzBGMZcJ182E/P9dj\nBsNTNOdJXqFi/nRaCKUAAAADAQABAAACAECk6CxVQtO67CkPBc2nsee3fDGgHVHR\nxQqGDKUoqZzh0hnB1BC9kupaLBxH2Jxt+aYZmiqEkLTza3SGJAngFr3IeMDDoIYq\nQMFmHAMi03i/tLB6ps82kxnkqU4hQoZgpgn4K1bpmH2N5SxL2ZfdGkhDQN9POEUU\nM4rdqpIZYGP+7rDqmLjOi3c1lPgZqThd2KMLFnvSmv0THmtQlyBCh89iKcCo76AN\n2BUsJkQolGJzKsLTsW1NobO7HakDcWzrP6h048lkW97iTSsKy/AF9g2jfYIoOUyY\nGeT7HnOFzN8CnIjG/iYwYQeuAqz/DCUJT2FZ8fnsKhRnSKMIl2vOkP9l9qumfY4J\ntMizZPRh/AP/CBQjyvVIO3ypKF6rn3SiKwXcpj2LdH/YgR01dPyepGhuHIiyC8vN\ncObzz5Vd4IGQcQL8901E3EZVjwQyGzCTWNVbCklpX0CATwaAXzHFznkSyWYdb29J\nLI6x5zhiKK0PD48Na0hxAwOo2G2goMSc6su7SSmeh4o0fSVdFKDDjxIQ1gidpPBh\nxuwy06OMihihXOfPzaKsYwKtNvh9qP46p9Sud2GvnHRermVW/2fvgRvA6m9Ll3jZ\n7VXcVhdXcQujti4uDZglCgJVwCYNFLHSb+kRAawL33AZslhxMD75XvsIKwYf6qNB\nCsLb10gtym8BAAABAF/8sTXPPafcQPMd4OZdAh71x2lURcxxknXVQRYkN00of3qE\nWIMRR0PcxaOarhzfXtXUvPAGt+jbZB74q4zMY8ulLvdOUOM7NtckOIGOk4eQuvZq\nrggFvlkQqfFgMXkFDZW9KkbHJ1FvtpY1f2QisU4AGyhjjt/q2DJPfwf8D2sPNlWS\n1IiflEcFJ4Q05DqoeAqIwVhU7BQXO1izVbnH17XKkOakUsY/QWErZsLYEWQ2IOkN\nSLqqb8ulx5PygPL8/STa+CPDprPOzOOKdi9h8HCXwDJZJG9ex7ymv/m5zBfR0epA\nxIk1M2u+X503cb0Nt7d+wqv6UtJSgvUu7Z6CII8AAAEBAP5iU5LCAoH/jEBwYV31\n5eFh4lyU+qBIq7jujtcPqoe2tlYpc6uMyaWQ/QriaOdWkx6NgFioz4cdPA0c0DoJ\nU9cHIHa4VKNHEGewrARWqrXWQQuktnaphOjUj383zc4nhoFSnymygO8yzxkF1T/N\nod7Ct728/CrVUlpRtCeOGLREJKZJVmlr62RdNSvEzJ9B4FucDPzWOtr8qkunkwiE\nvGUT3fnaDPXGYnIMp9Ja6pz4/ds4HL69vQr0ozoro05kGK+76bPlnTRCKIvTCB3G\nb3GyBghijfhxy+jHTbtXGvziwRVm1u/KfQQCgHxyNcZwBrZ9XyGYetv7thcMR3bV\nmlEAAAEBAPZUu2XX6bEZiG9ciWkMUQ9jUJRXDAqm0UVNtdtLdn1rTw3YkPYYv1Gr\nQ0BQkGor+l3tzdqm7Hq3bRK3dHs0jrtnvLua6ncl1RuXrFkUeXPI3gMzhil/rKoc\nhaIlVfWdabN4KSxvsgblLdH01d8pFZEi1K+oRoUO2xHeXe6aD/A1WktnZ+q0WNjX\n8vsRyZ1RYaItO+3uRfFjj9S0TaPRnuuN5xm5NF4iya5E5g61kWTzMXwjBeoQITN2\nP6m/cDx3u8oYnb2zY4HHInWIYndGbm9aAIoIRXqh02CAfpvctnKC3yKlX4m2f7pC\ndCj0iILg6DSgk8S+K6SBuT7BYtgWYBUAAAAAAQID\n-----END OPENSSH PRIVATE KEY-----\n",
            "private_key_pem": "-----BEGIN RSA PRIVATE KEY-----\nMIIJJwIBAAKCAgEA9MauyXj6CgZFCxxSiv85cF8xTK4pUxxw1DSko9fAL3/0k0Gy\nxUZmO7ZCeg2uEBJP7kyPtawJIjLEqIVc092xwSgmeXfTLj9oPaGnvyPF9FUoSwJq\nSPgME4U5XuB5wL361RR9aa39nvK6g/MSN9S5YQz5O+8SszZ/qSqAJPnxaC09ljwi\nXXeh5aDtVEmeaQ903GErO3mud9ZIRkV+cdrYr0VqW7426xPwqYGth+GZGbq80eOL\n0V2FyeCp+nR4ObG8QOkMVvjrSBfX91yTW8pemKoVBwHEUPTLty9Sg0mLwYQLw7Sc\nJlDsiT6wWfQvJ4rr+6Q6RiPphrw20c/CTGjKUPubztrrR7blhqNXalFl0N6btpPn\nXjeyU5aYrdR3LR0HonbxEhYraVQEi2j9o6TyD9xIDWVArNIJf9a9oFCDoWNRZGoI\nJF0gFy2TJ1XHAKSVfPLLwpEGX8Yrk9lyO8zECMcUob6jmZ5pRspKRusm+3iaUu9a\nV8DsHYFtwWc/A6GRHJYPPaTIa3cALIDqFDLAbGj95w5ZCIALeaJ08FqoMmzQ/+U2\nZ8E15Lgn/NHhoBeMNkwdqrhlU34tanRJuNQtdujLPlkG0QvL4NTst4RuWrmcpiOZ\n1Y8m5nTNYt7YdB8jS92Rdt4DzBGMZcJ182E/P9djBsNTNOdJXqFi/nRaCKUCAwEA\nAQKCAgBApOgsVULTuuwpDwXNp7Hnt3wxoB1R0cUKhgylKKmc4dIZwdQQvZLqWiwc\nR9icbfmmGZoqhJC082t0hiQJ4Ba9yHjAw6CGKkDBZhwDItN4v7SweqbPNpMZ5KlO\nIUKGYKYJ+CtW6Zh9jeUsS9mX3RpIQ0DfTzhFFDOK3aqSGWBj/u6w6pi4zot3NZT4\nGak4XdijCxZ70pr9Ex5rUJcgQofPYinAqO+gDdgVLCZEKJRicyrC07FtTaGzux2p\nA3Fs6z+odOPJZFve4k0rCsvwBfYNo32CKDlMmBnk+x5zhczfApyIxv4mMGEHrgKs\n/wwlCU9hWfH57CoUZ0ijCJdrzpD/Zfarpn2OCbTIs2T0YfwD/wgUI8r1SDt8qShe\nq590oisF3KY9i3R/2IEdNXT8nqRobhyIsgvLzXDm88+VXeCBkHEC/PdNRNxGVY8E\nMhswk1jVWwpJaV9AgE8GgF8xxc55EslmHW9vSSyOsec4YiitDw+PDWtIcQMDqNht\noKDEnOrLu0kpnoeKNH0lXRSgw48SENYInaTwYcbsMtOjjIoYoVznz82irGMCrTb4\nfaj+OqfUrndhr5x0Xq5lVv9n74EbwOpvS5d42e1V3FYXV3ELo7YuLg2YJQoCVcAm\nDRSx0m/pEQGsC99wGbJYcTA++V77CCsGH+qjQQrC29dILcpvAQKCAQEA/mJTksIC\ngf+MQHBhXfXl4WHiXJT6oEiruO6O1w+qh7a2Vilzq4zJpZD9CuJo51aTHo2AWKjP\nhx08DRzQOglT1wcgdrhUo0cQZ7CsBFaqtdZBC6S2dqmE6NSPfzfNzieGgVKfKbKA\n7zLPGQXVP82h3sK3vbz8KtVSWlG0J44YtEQkpklWaWvrZF01K8TMn0HgW5wM/NY6\n2vyqS6eTCIS8ZRPd+doM9cZicgyn0lrqnPj92zgcvr29CvSjOiujTmQYr7vps+Wd\nNEIoi9MIHcZvcbIGCGKN+HHL6MdNu1ca/OLBFWbW78p9BAKAfHI1xnAGtn1fIZh6\n2/u2FwxHdtWaUQKCAQEA9lS7ZdfpsRmIb1yJaQxRD2NQlFcMCqbRRU2120t2fWtP\nDdiQ9hi/UatDQFCQaiv6Xe3N2qbserdtErd0ezSOu2e8u5rqdyXVG5esWRR5c8je\nAzOGKX+sqhyFoiVV9Z1ps3gpLG+yBuUt0fTV3ykVkSLUr6hGhQ7bEd5d7poP8DVa\nS2dn6rRY2Nfy+xHJnVFhoi077e5F8WOP1LRNo9Ge643nGbk0XiLJrkTmDrWRZPMx\nfCMF6hAhM3Y/qb9wPHe7yhidvbNjgccidYhid0Zub1oAighFeqHTYIB+m9y2coLf\nIqVfibZ/ukJ0KPSIguDoNKCTxL4rpIG5PsFi2BZgFQKCAQB5EqNkPiKjbNV79gDh\nj5+R3dy249FFaFES+7fQdAxd+4BdEe2TwLZYruFAxPHY6UOsTvy/NdlQHYHvW79f\nYAEfXqz81E60R6ZvM48roXQuh4L9369YWuZ/SmvhyNWTQQyrkH9ggS0Mq8oVxsjw\nTRa1x0dcbw419MH1at2r1d28LpKi8lTGaC7o3dPouQoK4ne+Ik+sJupsP8VtrJw2\nebaRBRupRzbT41AHqC5X2B3CCGAKbnJ/9h57kGP/07UuIkX9nhplHOvta2+Q3SgH\nw+JW4rwsUXvwu3ipmfJNL/AQXHw5i3DRQDawKeCtWk5t2/PV92XHv6L6AJtx7M42\nqQOBAoIBACKmqrHZ3IrIH7QinUXEsMZsXxJu6Ee7TablFpbhl6pu5PD6rPGha5BO\neiha7OWyiAachB+k6ZEdql8+pUkLjKR6JEdztFXMYZz/CgSB58/MysZCgjXmOuC3\nIGk9vUjOuua/GXOhxrZHmNl3CnrY6aq/7pFDJ6BiBZkO4cHFtEZDCw+eXTTb57+h\nKRH+X5EcuJI6sLp4kSgyrDHspxtLSoKyNHce4Wn4lMxJ7t7U1b4Qo75lothZKoJ1\nuODlCCHJagY0zkO4L2A7JfLIm6lRpAlP7NF99mAY0YY6rRS5yIR1OnRCNR1HKdKG\ntJZqR6W5g5Cbog3D/pmmkettAr2I8D0CggEAX/yxNc89p9xA8x3g5l0CHvXHaVRF\nzHGSddVBFiQ3TSh/eoRYgxFHQ9zFo5quHN9e1dS88Aa36NtkHvirjMxjy6Uu905Q\n4zs21yQ4gY6Th5C69mquCAW+WRCp8WAxeQUNlb0qRscnUW+2ljV/ZCKxTgAbKGOO\n3+rYMk9/B/wPaw82VZLUiJ+URwUnhDTkOqh4CojBWFTsFBc7WLNVucfXtcqQ5qRS\nxj9BYStmwtgRZDYg6Q1Iuqpvy6XHk/KA8vz9JNr4I8Oms87M44p2L2HwcJfAMlkk\nb17HvKa/+bnMF9HR6kDEiTUza75fnTdxvQ23t37Cq/pS0lKC9S7tnoIgjw==\n-----END RSA PRIVATE KEY-----\n",
            "public_key_fingerprint_md5": "10:c6:01:8c:93:b5:45:42:c5:2f:26:a8:33:a9:ca:f8",
            "public_key_fingerprint_sha256": "SHA256:OFwwWtHfo1eAIw7BARBtxCrrmvupkbPON8GQZHj0Osw",
            "public_key_openssh": "ssh-rsa AAAAB3NzaC1yc2EAAAADAQABAAACAQD0xq7JePoKBkULHFKK/zlwXzFMrilTHHDUNKSj18Avf/STQbLFRmY7tkJ6Da4QEk/uTI+1rAkiMsSohVzT3bHBKCZ5d9MuP2g9oae/I8X0VShLAmpI+AwThTle4HnAvfrVFH1prf2e8rqD8xI31LlhDPk77xKzNn+pKoAk+fFoLT2WPCJdd6HloO1USZ5pD3TcYSs7ea531khGRX5x2tivRWpbvjbrE/Cpga2H4ZkZurzR44vRXYXJ4Kn6dHg5sbxA6QxW+OtIF9f3XJNbyl6YqhUHAcRQ9Mu3L1KDSYvBhAvDtJwmUOyJPrBZ9C8niuv7pDpGI+mGvDbRz8JMaMpQ+5vO2utHtuWGo1dqUWXQ3pu2k+deN7JTlpit1HctHQeidvESFitpVASLaP2jpPIP3EgNZUCs0gl/1r2gUIOhY1FkaggkXSAXLZMnVccApJV88svCkQZfxiuT2XI7zMQIxxShvqOZnmlGykpG6yb7eJpS71pXwOwdgW3BZz8DoZEclg89pMhrdwAsgOoUMsBsaP3nDlkIgAt5onTwWqgybND/5TZnwTXkuCf80eGgF4w2TB2quGVTfi1qdEm41C126Ms+WQbRC8vg1Oy3hG5auZymI5nVjybmdM1i3th0HyNL3ZF23gPMEYxlwnXzYT8/12MGw1M050leoWL+dFoIpQ==\n",
            "public_key_pem": "-----BEGIN PUBLIC KEY-----\nMIICIjANBgkqhkiG9w0BAQEFAAOCAg8AMIICCgKCAgEA9MauyXj6CgZFCxxSiv85\ncF8xTK4pUxxw1DSko9fAL3/0k0GyxUZmO7ZCeg2uEBJP7kyPtawJIjLEqIVc092x\nwSgmeXfTLj9oPaGnvyPF9FUoSwJqSPgME4U5XuB5wL361RR9aa39nvK6g/MSN9S5\nYQz5O+8SszZ/qSqAJPnxaC09ljwiXXeh5aDtVEmeaQ903GErO3mud9ZIRkV+cdrY\nr0VqW7426xPwqYGth+GZGbq80eOL0V2FyeCp+nR4ObG8QOkMVvjrSBfX91yTW8pe\nmKoVBwHEUPTLty9Sg0mLwYQLw7ScJlDsiT6wWfQvJ4rr+6Q6RiPphrw20c/CTGjK\nUPubztrrR7blhqNXalFl0N6btpPnXjeyU5aYrdR3LR0HonbxEhYraVQEi2j9o6Ty\nD9xIDWVArNIJf9a9oFCDoWNRZGoIJF0gFy2TJ1XHAKSVfPLLwpEGX8Yrk9lyO8zE\nCMcUob6jmZ5pRspKRusm+3iaUu9aV8DsHYFtwWc/A6GRHJYPPaTIa3cALIDqFDLA\nbGj95w5ZCIALeaJ08FqoMmzQ/+U2Z8E15Lgn/NHhoBeMNkwdqrhlU34tanRJuNQt\ndujLPlkG0QvL4NTst4RuWrmcpiOZ1Y8m5nTNYt7YdB8jS92Rdt4DzBGMZcJ182E/\nP9djBsNTNOdJXqFi/nRaCKUCAwEAAQ==\n-----END PUBLIC KEY-----\n",
            "rsa_bits": 4096
          },
          "sensitive_attributes": [],
          "private": "bnVsbA=="
        }
      ]
    }
  ]
}
