{
  "version": 4,
  "terraform_version": "1.2.3",
  "serial": 29,
  "lineage": "02118fb7-eb0a-3186-8ed0-f8e16e70858e",
  "outputs": {},
  "resources": [
    {
      "mode": "data",
      "type": "docker_registry_image",
      "name": "imagen_en_registry",
      "provider": "provider[\"registry.terraform.io/kreuzwerker/docker\"]",
      "instances": [
        {
          "schema_version": 0,
          "attributes": {
            "id": "sha256:10f14ffa93f8dedf1057897b745e5ac72ac5655c299dade0aa434c71557697ea",
            "insecure_skip_verify": false,
            "name": "nginx:latest",
            "sha256_digest": "sha256:10f14ffa93f8dedf1057897b745e5ac72ac5655c299dade0aa434c71557697ea"
          },
          "sensitive_attributes": []
        }
      ]
    },
    {
      "mode": "managed",
      "type": "docker_container",
      "name": "mi_contenedor",
      "provider": "provider[\"registry.terraform.io/kreuzwerker/docker\"]",
      "instances": [
        {
          "schema_version": 2,
          "attributes": {
            "attach": false,
            "bridge": "",
            "capabilities": [],
            "command": [
              "nginx",
              "-g",
              "daemon off;"
            ],
            "container_logs": null,
            "cpu_set": "",
            "cpu_shares": 0,
            "destroy_grace_seconds": null,
            "devices": [],
            "dns": [],
            "dns_opts": [],
            "dns_search": [],
            "domainname": "",
            "entrypoint": [
              "/docker-entrypoint.sh"
            ],
            "env": [
              "CLAVE1=valor1",
              "CLAVE2=valor2"
            ],
            "exit_code": null,
            "gateway": "172.17.0.1",
            "group_add": [],
            "healthcheck": [],
            "host": [],
            "hostname": "2dff3290fdc1",
            "id": "2dff3290fdc1ab7157f68a22dfefb21ad84988e0b0d8b4a17f8e8fe18b81e62a",
            "image": "sha256:55f4b40fe486a5b734b46bb7bf28f52fa31426bf23be068c8e7b19e58d9b8deb",
            "init": false,
            "ip_address": "172.17.0.2",
            "ip_prefix_length": 16,
            "ipc_mode": "private",
            "labels": [],
            "links": [],
            "log_driver": "json-file",
            "log_opts": {},
            "logs": false,
            "max_retry_count": 0,
            "memory": 2000,
            "memory_swap": -1,
            "mounts": [],
            "must_run": true,
            "name": "minginx",
            "network_alias": null,
            "network_data": [
              {
                "gateway": "172.17.0.1",
                "global_ipv6_address": "",
                "global_ipv6_prefix_length": 0,
                "ip_address": "172.17.0.2",
                "ip_prefix_length": 16,
                "ipv6_gateway": "",
                "network_name": "bridge"
              }
            ],
            "network_mode": "default",
            "networks": null,
            "networks_advanced": [],
            "pid_mode": "",
            "ports": [
              {
                "external": 8080,
                "internal": 80,
                "ip": "0.0.0.0",
                "protocol": "tcp"
              },
              {
                "external": 8081,
                "internal": 81,
                "ip": "0.0.0.0",
                "protocol": "tcp"
              }
            ],
            "privileged": false,
            "publish_all_ports": false,
            "read_only": false,
            "remove_volumes": true,
            "restart": "no",
            "rm": false,
            "security_opts": [],
            "shm_size": 64,
            "start": true,
            "stdin_open": false,
            "storage_opts": {},
            "sysctls": {},
            "tmpfs": {},
            "tty": false,
            "ulimit": [],
            "upload": [],
            "user": "",
            "userns_mode": "",
            "volumes": [
              {
                "container_path": "/tmp/volumen1",
                "from_container": "",
                "host_path": "/tmp/volumen1",
                "read_only": false,
                "volume_name": ""
              },
              {
                "container_path": "/tmp/volumen2",
                "from_container": "",
                "host_path": "/tmp/volumen2",
                "read_only": false,
                "volume_name": ""
              }
            ],
            "working_dir": ""
          },
          "sensitive_attributes": [],
          "private": "eyJzY2hlbWFfdmVyc2lvbiI6IjIifQ==",
          "dependencies": [
            "data.docker_registry_image.imagen_en_registry",
            "docker_image.mi_imagen"
          ]
        }
      ]
    },
    {
      "mode": "managed",
      "type": "docker_image",
      "name": "mi_imagen",
      "provider": "provider[\"registry.terraform.io/kreuzwerker/docker\"]",
      "instances": [
        {
          "schema_version": 0,
          "attributes": {
            "build": [],
            "force_remove": null,
            "id": "sha256:55f4b40fe486a5b734b46bb7bf28f52fa31426bf23be068c8e7b19e58d9b8debnginx:latest",
            "keep_locally": null,
            "latest": "sha256:55f4b40fe486a5b734b46bb7bf28f52fa31426bf23be068c8e7b19e58d9b8deb",
            "name": "nginx:latest",
            "output": null,
            "pull_trigger": null,
            "pull_triggers": [
              "sha256:10f14ffa93f8dedf1057897b745e5ac72ac5655c299dade0aa434c71557697ea"
            ],
            "repo_digest": "nginx@sha256:10f14ffa93f8dedf1057897b745e5ac72ac5655c299dade0aa434c71557697ea"
          },
          "sensitive_attributes": [],
          "private": "bnVsbA==",
          "dependencies": [
            "data.docker_registry_image.imagen_en_registry"
          ]
        }
      ]
    }
  ]
}
