{
  "version": 4,
  "terraform_version": "1.2.3",
  "serial": 32,
  "lineage": "edd17f47-fe47-4246-a0f0-dc58cba667e6",
  "outputs": {
    "direccion_ip": {
      "value": "172.17.0.2",
      "type": "string"
    },
    "ip_desde_red": {
      "value": "172.17.0.2",
      "type": "string"
    },
    "red": {
      "value": {
        "gateway": "172.17.0.1",
        "global_ipv6_address": "",
        "global_ipv6_prefix_length": 0,
        "ip_address": "172.17.0.2",
        "ip_prefix_length": 16,
        "ipv6_gateway": "",
        "network_name": "bridge"
      },
      "type": [
        "object",
        {
          "gateway": "string",
          "global_ipv6_address": "string",
          "global_ipv6_prefix_length": "number",
          "ip_address": "string",
          "ip_prefix_length": "number",
          "ipv6_gateway": "string",
          "network_name": "string"
        }
      ]
    },
    "redes": {
      "value": [
        {
          "gateway": "172.17.0.1",
          "global_ipv6_address": "",
          "global_ipv6_prefix_length": 0,
          "ip_address": "172.17.0.2",
          "ip_prefix_length": 16,
          "ipv6_gateway": "",
          "network_name": "bridge"
        }
      ],
      "type": [
        "list",
        [
          "object",
          {
            "gateway": "string",
            "global_ipv6_address": "string",
            "global_ipv6_prefix_length": "number",
            "ip_address": "string",
            "ip_prefix_length": "number",
            "ipv6_gateway": "string",
            "network_name": "string"
          }
        ]
      ]
    }
  },
  "resources": [
    {
      "mode": "managed",
      "type": "docker_container",
      "name": "mi_contenedor",
      "provider": "provider[\"registry.terraform.io/kreuzwerker/docker\"]",
      "instances": [
        {
          "schema_version": 2,
          "attributes": {
            "attach": false,
            "bridge": "",
            "capabilities": [],
            "command": [
              "nginx",
              "-g",
              "daemon off;"
            ],
            "container_logs": null,
            "cpu_set": "",
            "cpu_shares": 0,
            "destroy_grace_seconds": null,
            "devices": [],
            "dns": [],
            "dns_opts": [],
            "dns_search": [],
            "domainname": "",
            "entrypoint": [
              "/docker-entrypoint.sh"
            ],
            "env": [
              "DATO1=valor1",
              "DATO2=valor2"
            ],
            "exit_code": null,
            "gateway": "172.17.0.1",
            "group_add": [],
            "healthcheck": [],
            "host": [],
            "hostname": "82967845568f",
            "id": "82967845568fe641b8c2858b1751ba94a4ce2940922a77d981570c315850442c",
            "image": "sha256:55f4b40fe486a5b734b46bb7bf28f52fa31426bf23be068c8e7b19e58d9b8deb",
            "init": false,
            "ip_address": "172.17.0.2",
            "ip_prefix_length": 16,
            "ipc_mode": "private",
            "labels": [],
            "links": [],
            "log_driver": "json-file",
            "log_opts": {},
            "logs": false,
            "max_retry_count": 0,
            "memory": 0,
            "memory_swap": 0,
            "mounts": [],
            "must_run": true,
            "name": "mi-nginx",
            "network_alias": null,
            "network_data": [
              {
                "gateway": "172.17.0.1",
                "global_ipv6_address": "",
                "global_ipv6_prefix_length": 0,
                "ip_address": "172.17.0.2",
                "ip_prefix_length": 16,
                "ipv6_gateway": "",
                "network_name": "bridge"
              }
            ],
            "network_mode": "default",
            "networks": null,
            "networks_advanced": [],
            "pid_mode": "",
            "ports": [
              {
                "external": 83,
                "internal": 80,
                "ip": "0.0.0.0",
                "protocol": "tcp"
              },
              {
                "external": 443,
                "internal": 443,
                "ip": "172.31.10.35",
                "protocol": "tcp"
              }
            ],
            "privileged": false,
            "publish_all_ports": false,
            "read_only": false,
            "remove_volumes": true,
            "restart": "no",
            "rm": false,
            "security_opts": [],
            "shm_size": 64,
            "start": true,
            "stdin_open": false,
            "storage_opts": {},
            "sysctls": {},
            "tmpfs": {},
            "tty": false,
            "ulimit": [],
            "upload": [],
            "user": "",
            "userns_mode": "",
            "volumes": [],
            "working_dir": ""
          },
          "sensitive_attributes": [],
          "private": "eyJzY2hlbWFfdmVyc2lvbiI6IjIifQ==",
          "dependencies": [
            "docker_image.mi_imagen"
          ]
        }
      ]
    },
    {
      "mode": "managed",
      "type": "docker_image",
      "name": "mi_imagen",
      "provider": "provider[\"registry.terraform.io/kreuzwerker/docker\"]",
      "instances": [
        {
          "schema_version": 0,
          "attributes": {
            "build": [],
            "force_remove": null,
            "id": "sha256:55f4b40fe486a5b734b46bb7bf28f52fa31426bf23be068c8e7b19e58d9b8debnginx:latest",
            "keep_locally": null,
            "latest": "sha256:55f4b40fe486a5b734b46bb7bf28f52fa31426bf23be068c8e7b19e58d9b8deb",
            "name": "nginx:latest",
            "output": null,
            "pull_trigger": null,
            "pull_triggers": null,
            "repo_digest": "nginx@sha256:10f14ffa93f8dedf1057897b745e5ac72ac5655c299dade0aa434c71557697ea"
          },
          "sensitive_attributes": [],
          "private": "bnVsbA=="
        }
      ]
    }
  ]
}
